// !$*UTF8*$!
{
	archiveVersion = 1;
	classes = {
	};
	objectVersion = 46;
	objects = {

/* Begin PBXBuildFile section */
		AE0022291A65A954008B2B1B /* fleet1.txt in Resources */ = {isa = PBXBuildFile; fileRef = AE0022271A65A954008B2B1B /* fleet1.txt */; };
		AE00222A1A65A954008B2B1B /* fleet1.xml in Resources */ = {isa = PBXBuildFile; fileRef = AE0022281A65A954008B2B1B /* fleet1.xml */; };
		AE00222E1A65B4C6008B2B1B /* RSFFileReader.m in Sources */ = {isa = PBXBuildFile; fileRef = AE00222D1A65B4C6008B2B1B /* RSFFileReader.m */; };
		AE0022311A65BBC8008B2B1B /* RSFNodeSpec.m in Sources */ = {isa = PBXBuildFile; fileRef = AE0022301A65BBC8008B2B1B /* RSFNodeSpec.m */; };
		AE0022341A65C0EA008B2B1B /* IDGenerator.m in Sources */ = {isa = PBXBuildFile; fileRef = AE0022331A65C0EA008B2B1B /* IDGenerator.m */; };
		AE0022371A65C4FA008B2B1B /* RSF.m in Sources */ = {isa = PBXBuildFile; fileRef = AE0022361A65C4FA008B2B1B /* RSF.m */; };
		AE00223A1A65CD21008B2B1B /* fleet.txt in Resources */ = {isa = PBXBuildFile; fileRef = AE0022381A65CD21008B2B1B /* fleet.txt */; };
		AE00223B1A65CD21008B2B1B /* fleet.xml in Resources */ = {isa = PBXBuildFile; fileRef = AE0022391A65CD21008B2B1B /* fleet.xml */; };
		AE05F6C61A7446FB00CF07BC /* TreeSelectorTableViewController.m in Sources */ = {isa = PBXBuildFile; fileRef = AE05F6C51A7446FB00CF07BC /* TreeSelectorTableViewController.m */; };
		AE513BFF1A7055320086D7DE /* RSFTreeView.m in Sources */ = {isa = PBXBuildFile; fileRef = AE513BFD1A7055320086D7DE /* RSFTreeView.m */; };
		AE67E1601A6B23F000DC5FA9 /* rsf_200.txt in Resources */ = {isa = PBXBuildFile; fileRef = AE67E15E1A6B23F000DC5FA9 /* rsf_200.txt */; };
		AE67E1611A6B23F000DC5FA9 /* rsf_200.xml in Resources */ = {isa = PBXBuildFile; fileRef = AE67E15F1A6B23F000DC5FA9 /* rsf_200.xml */; };
		AE8765DE1A64487B0013529B /* main.m in Sources */ = {isa = PBXBuildFile; fileRef = AE8765DD1A64487B0013529B /* main.m */; };
		AE8765E11A64487B0013529B /* AppDelegate.m in Sources */ = {isa = PBXBuildFile; fileRef = AE8765E01A64487B0013529B /* AppDelegate.m */; };
		AE8765E41A64487B0013529B /* ViewController.m in Sources */ = {isa = PBXBuildFile; fileRef = AE8765E31A64487B0013529B /* ViewController.m */; };
		AE8765E71A64487B0013529B /* Main.storyboard in Resources */ = {isa = PBXBuildFile; fileRef = AE8765E51A64487B0013529B /* Main.storyboard */; };
		AE8765E91A64487B0013529B /* Images.xcassets in Resources */ = {isa = PBXBuildFile; fileRef = AE8765E81A64487B0013529B /* Images.xcassets */; };
		AE8765EC1A64487B0013529B /* LaunchScreen.xib in Resources */ = {isa = PBXBuildFile; fileRef = AE8765EA1A64487B0013529B /* LaunchScreen.xib */; };
		AE8765F81A64487B0013529B /* RSFVisualizerTests.m in Sources */ = {isa = PBXBuildFile; fileRef = AE8765F71A64487B0013529B /* RSFVisualizerTests.m */; };
		AE87660B1A6459C80013529B /* RSFNode.m in Sources */ = {isa = PBXBuildFile; fileRef = AE87660A1A6459C80013529B /* RSFNode.m */; };
		AE9613E41A6856830067F4C0 /* RSFNode+additions.m in Sources */ = {isa = PBXBuildFile; fileRef = AE9613E31A6856830067F4C0 /* RSFNode+additions.m */; };
/* End PBXBuildFile section */

/* Begin PBXContainerItemProxy section */
		AE8765F21A64487B0013529B /* PBXContainerItemProxy */ = {
			isa = PBXContainerItemProxy;
			containerPortal = AE8765D01A64487A0013529B /* Project object */;
			proxyType = 1;
			remoteGlobalIDString = AE8765D71A64487B0013529B;
			remoteInfo = RSFVisualizer;
		};
/* End PBXContainerItemProxy section */

/* Begin PBXFileReference section */
		AE0022271A65A954008B2B1B /* fleet1.txt */ = {isa = PBXFileReference; fileEncoding = 4; lastKnownFileType = text; path = fleet1.txt; sourceTree = "<group>"; };
		AE0022281A65A954008B2B1B /* fleet1.xml */ = {isa = PBXFileReference; fileEncoding = 4; lastKnownFileType = text.xml; path = fleet1.xml; sourceTree = "<group>"; };
		AE00222C1A65B4C6008B2B1B /* RSFFileReader.h */ = {isa = PBXFileReference; fileEncoding = 4; lastKnownFileType = sourcecode.c.h; path = RSFFileReader.h; sourceTree = "<group>"; };
		AE00222D1A65B4C6008B2B1B /* RSFFileReader.m */ = {isa = PBXFileReference; fileEncoding = 4; lastKnownFileType = sourcecode.c.objc; path = RSFFileReader.m; sourceTree = "<group>"; };
		AE00222F1A65BBC8008B2B1B /* RSFNodeSpec.h */ = {isa = PBXFileReference; fileEncoding = 4; lastKnownFileType = sourcecode.c.h; path = RSFNodeSpec.h; sourceTree = "<group>"; };
		AE0022301A65BBC8008B2B1B /* RSFNodeSpec.m */ = {isa = PBXFileReference; fileEncoding = 4; lastKnownFileType = sourcecode.c.objc; path = RSFNodeSpec.m; sourceTree = "<group>"; };
		AE0022321A65C0EA008B2B1B /* IDGenerator.h */ = {isa = PBXFileReference; fileEncoding = 4; lastKnownFileType = sourcecode.c.h; path = IDGenerator.h; sourceTree = "<group>"; };
		AE0022331A65C0EA008B2B1B /* IDGenerator.m */ = {isa = PBXFileReference; fileEncoding = 4; lastKnownFileType = sourcecode.c.objc; path = IDGenerator.m; sourceTree = "<group>"; };
		AE0022351A65C4FA008B2B1B /* RSF.h */ = {isa = PBXFileReference; fileEncoding = 4; lastKnownFileType = sourcecode.c.h; path = RSF.h; sourceTree = "<group>"; };
		AE0022361A65C4FA008B2B1B /* RSF.m */ = {isa = PBXFileReference; fileEncoding = 4; lastKnownFileType = sourcecode.c.objc; path = RSF.m; sourceTree = "<group>"; };
		AE0022381A65CD21008B2B1B /* fleet.txt */ = {isa = PBXFileReference; fileEncoding = 4; lastKnownFileType = text; path = fleet.txt; sourceTree = "<group>"; };
		AE0022391A65CD21008B2B1B /* fleet.xml */ = {isa = PBXFileReference; fileEncoding = 4; lastKnownFileType = text.xml; path = fleet.xml; sourceTree = "<group>"; };
		AE05F6C41A7446FB00CF07BC /* TreeSelectorTableViewController.h */ = {isa = PBXFileReference; fileEncoding = 4; lastKnownFileType = sourcecode.c.h; path = TreeSelectorTableViewController.h; sourceTree = "<group>"; };
		AE05F6C51A7446FB00CF07BC /* TreeSelectorTableViewController.m */ = {isa = PBXFileReference; fileEncoding = 4; lastKnownFileType = sourcecode.c.objc; path = TreeSelectorTableViewController.m; sourceTree = "<group>"; };
		AE513BFD1A7055320086D7DE /* RSFTreeView.m */ = {isa = PBXFileReference; fileEncoding = 4; lastKnownFileType = sourcecode.c.objc; path = RSFTreeView.m; sourceTree = "<group>"; };
		AE513BFE1A7055320086D7DE /* RSFTreeView.h */ = {isa = PBXFileReference; fileEncoding = 4; lastKnownFileType = sourcecode.c.h; path = RSFTreeView.h; sourceTree = "<group>"; };
		AE67E15E1A6B23F000DC5FA9 /* rsf_200.txt */ = {isa = PBXFileReference; fileEncoding = 4; lastKnownFileType = text; path = rsf_200.txt; sourceTree = "<group>"; };
		AE67E15F1A6B23F000DC5FA9 /* rsf_200.xml */ = {isa = PBXFileReference; fileEncoding = 4; lastKnownFileType = text.xml; path = rsf_200.xml; sourceTree = "<group>"; };
		AE8765D81A64487B0013529B /* RSFVisualizer.app */ = {isa = PBXFileReference; explicitFileType = wrapper.application; includeInIndex = 0; path = RSFVisualizer.app; sourceTree = BUILT_PRODUCTS_DIR; };
		AE8765DC1A64487B0013529B /* Info.plist */ = {isa = PBXFileReference; lastKnownFileType = text.plist.xml; path = Info.plist; sourceTree = "<group>"; };
		AE8765DD1A64487B0013529B /* main.m */ = {isa = PBXFileReference; lastKnownFileType = sourcecode.c.objc; path = main.m; sourceTree = "<group>"; };
		AE8765DF1A64487B0013529B /* AppDelegate.h */ = {isa = PBXFileReference; lastKnownFileType = sourcecode.c.h; path = AppDelegate.h; sourceTree = "<group>"; };
		AE8765E01A64487B0013529B /* AppDelegate.m */ = {isa = PBXFileReference; lastKnownFileType = sourcecode.c.objc; path = AppDelegate.m; sourceTree = "<group>"; };
		AE8765E21A64487B0013529B /* ViewController.h */ = {isa = PBXFileReference; lastKnownFileType = sourcecode.c.h; path = ViewController.h; sourceTree = "<group>"; };
		AE8765E31A64487B0013529B /* ViewController.m */ = {isa = PBXFileReference; lastKnownFileType = sourcecode.c.objc; path = ViewController.m; sourceTree = "<group>"; };
		AE8765E61A64487B0013529B /* Base */ = {isa = PBXFileReference; lastKnownFileType = file.storyboard; name = Base; path = Base.lproj/Main.storyboard; sourceTree = "<group>"; };
		AE8765E81A64487B0013529B /* Images.xcassets */ = {isa = PBXFileReference; lastKnownFileType = folder.assetcatalog; path = Images.xcassets; sourceTree = "<group>"; };
		AE8765EB1A64487B0013529B /* Base */ = {isa = PBXFileReference; lastKnownFileType = file.xib; name = Base; path = Base.lproj/LaunchScreen.xib; sourceTree = "<group>"; };
		AE8765F11A64487B0013529B /* RSFVisualizerTests.xctest */ = {isa = PBXFileReference; explicitFileType = wrapper.cfbundle; includeInIndex = 0; path = RSFVisualizerTests.xctest; sourceTree = BUILT_PRODUCTS_DIR; };
		AE8765F61A64487B0013529B /* Info.plist */ = {isa = PBXFileReference; lastKnownFileType = text.plist.xml; path = Info.plist; sourceTree = "<group>"; };
		AE8765F71A64487B0013529B /* RSFVisualizerTests.m */ = {isa = PBXFileReference; lastKnownFileType = sourcecode.c.objc; path = RSFVisualizerTests.m; sourceTree = "<group>"; };
		AE8766091A6459C80013529B /* RSFNode.h */ = {isa = PBXFileReference; fileEncoding = 4; lastKnownFileType = sourcecode.c.h; path = RSFNode.h; sourceTree = "<group>"; };
		AE87660A1A6459C80013529B /* RSFNode.m */ = {isa = PBXFileReference; fileEncoding = 4; lastKnownFileType = sourcecode.c.objc; path = RSFNode.m; sourceTree = "<group>"; };
		AE939C471A744FE7000D9EBD /* TreeSelectorViewControllerDelegate.h */ = {isa = PBXFileReference; fileEncoding = 4; lastKnownFileType = sourcecode.c.h; path = TreeSelectorViewControllerDelegate.h; sourceTree = "<group>"; };
		AE9613E21A6856830067F4C0 /* RSFNode+additions.h */ = {isa = PBXFileReference; fileEncoding = 4; lastKnownFileType = sourcecode.c.h; path = "RSFNode+additions.h"; sourceTree = "<group>"; };
		AE9613E31A6856830067F4C0 /* RSFNode+additions.m */ = {isa = PBXFileReference; fileEncoding = 4; lastKnownFileType = sourcecode.c.objc; path = "RSFNode+additions.m"; sourceTree = "<group>"; };
/* End PBXFileReference section */

/* Begin PBXFrameworksBuildPhase section */
		AE8765D51A64487B0013529B /* Frameworks */ = {
			isa = PBXFrameworksBuildPhase;
			buildActionMask = 2147483647;
			files = (
			);
			runOnlyForDeploymentPostprocessing = 0;
		};
		AE8765EE1A64487B0013529B /* Frameworks */ = {
			isa = PBXFrameworksBuildPhase;
			buildActionMask = 2147483647;
			files = (
			);
			runOnlyForDeploymentPostprocessing = 0;
		};
/* End PBXFrameworksBuildPhase section */

/* Begin PBXGroup section */
		AE00222B1A65A95C008B2B1B /* RSFFiles */ = {
			isa = PBXGroup;
			children = (
				AE0022271A65A954008B2B1B /* fleet1.txt */,
				AE0022281A65A954008B2B1B /* fleet1.xml */,
				AE0022381A65CD21008B2B1B /* fleet.txt */,
				AE0022391A65CD21008B2B1B /* fleet.xml */,
				AE67E15E1A6B23F000DC5FA9 /* rsf_200.txt */,
				AE67E15F1A6B23F000DC5FA9 /* rsf_200.xml */,
			);
			name = RSFFiles;
			sourceTree = "<group>";
		};
		AE8765CF1A64487A0013529B = {
			isa = PBXGroup;
			children = (
				AE8765DA1A64487B0013529B /* RSFVisualizer */,
				AE8765F41A64487B0013529B /* RSFVisualizerTests */,
				AE8765D91A64487B0013529B /* Products */,
			);
			sourceTree = "<group>";
		};
		AE8765D91A64487B0013529B /* Products */ = {
			isa = PBXGroup;
			children = (
				AE8765D81A64487B0013529B /* RSFVisualizer.app */,
				AE8765F11A64487B0013529B /* RSFVisualizerTests.xctest */,
			);
			name = Products;
			sourceTree = "<group>";
		};
		AE8765DA1A64487B0013529B /* RSFVisualizer */ = {
			isa = PBXGroup;
			children = (
				AE00222B1A65A95C008B2B1B /* RSFFiles */,
				AE87660C1A6459CE0013529B /* Model */,
				AE8766071A64598D0013529B /* Views */,
				AE8766081A6459950013529B /* Controllers */,
				AE8765E51A64487B0013529B /* Main.storyboard */,
				AE8765E81A64487B0013529B /* Images.xcassets */,
				AE8765EA1A64487B0013529B /* LaunchScreen.xib */,
				AE8765DB1A64487B0013529B /* Supporting Files */,
			);
			path = RSFVisualizer;
			sourceTree = "<group>";
		};
		AE8765DB1A64487B0013529B /* Supporting Files */ = {
			isa = PBXGroup;
			children = (
				AE8765DF1A64487B0013529B /* AppDelegate.h */,
				AE8765E01A64487B0013529B /* AppDelegate.m */,
				AE8765DC1A64487B0013529B /* Info.plist */,
				AE8765DD1A64487B0013529B /* main.m */,
			);
			name = "Supporting Files";
			sourceTree = "<group>";
		};
		AE8765F41A64487B0013529B /* RSFVisualizerTests */ = {
			isa = PBXGroup;
			children = (
				AE8765F71A64487B0013529B /* RSFVisualizerTests.m */,
				AE8765F51A64487B0013529B /* Supporting Files */,
			);
			path = RSFVisualizerTests;
			sourceTree = "<group>";
		};
		AE8765F51A64487B0013529B /* Supporting Files */ = {
			isa = PBXGroup;
			children = (
				AE8765F61A64487B0013529B /* Info.plist */,
			);
			name = "Supporting Files";
			sourceTree = "<group>";
		};
		AE8766071A64598D0013529B /* Views */ = {
			isa = PBXGroup;
			children = (
				AE513BFD1A7055320086D7DE /* RSFTreeView.m */,
				AE513BFE1A7055320086D7DE /* RSFTreeView.h */,
			);
			name = Views;
			sourceTree = "<group>";
		};
		AE8766081A6459950013529B /* Controllers */ = {
			isa = PBXGroup;
			children = (
				AE8765E21A64487B0013529B /* ViewController.h */,
				AE8765E31A64487B0013529B /* ViewController.m */,
				AE939C471A744FE7000D9EBD /* TreeSelectorViewControllerDelegate.h */,
				AE05F6C41A7446FB00CF07BC /* TreeSelectorTableViewController.h */,
				AE05F6C51A7446FB00CF07BC /* TreeSelectorTableViewController.m */,
			);
			name = Controllers;
			sourceTree = "<group>";
		};
		AE87660C1A6459CE0013529B /* Model */ = {
			isa = PBXGroup;
			children = (
				AE9613E21A6856830067F4C0 /* RSFNode+additions.h */,
				AE9613E31A6856830067F4C0 /* RSFNode+additions.m */,
				AE0022321A65C0EA008B2B1B /* IDGenerator.h */,
				AE0022331A65C0EA008B2B1B /* IDGenerator.m */,
				AE00222F1A65BBC8008B2B1B /* RSFNodeSpec.h */,
				AE0022301A65BBC8008B2B1B /* RSFNodeSpec.m */,
				AE8766091A6459C80013529B /* RSFNode.h */,
				AE87660A1A6459C80013529B /* RSFNode.m */,
				AE00222C1A65B4C6008B2B1B /* RSFFileReader.h */,
				AE00222D1A65B4C6008B2B1B /* RSFFileReader.m */,
				AE0022351A65C4FA008B2B1B /* RSF.h */,
				AE0022361A65C4FA008B2B1B /* RSF.m */,
			);
			name = Model;
			sourceTree = "<group>";
		};
/* End PBXGroup section */

/* Begin PBXNativeTarget section */
		AE8765D71A64487B0013529B /* RSFVisualizer */ = {
			isa = PBXNativeTarget;
			buildConfigurationList = AE8765FB1A64487B0013529B /* Build configuration list for PBXNativeTarget "RSFVisualizer" */;
			buildPhases = (
				AE8765D41A64487B0013529B /* Sources */,
				AE8765D51A64487B0013529B /* Frameworks */,
				AE8765D61A64487B0013529B /* Resources */,
			);
			buildRules = (
			);
			dependencies = (
			);
			name = RSFVisualizer;
			productName = RSFVisualizer;
			productReference = AE8765D81A64487B0013529B /* RSFVisualizer.app */;
			productType = "com.apple.product-type.application";
		};
		AE8765F01A64487B0013529B /* RSFVisualizerTests */ = {
			isa = PBXNativeTarget;
			buildConfigurationList = AE8765FE1A64487B0013529B /* Build configuration list for PBXNativeTarget "RSFVisualizerTests" */;
			buildPhases = (
				AE8765ED1A64487B0013529B /* Sources */,
				AE8765EE1A64487B0013529B /* Frameworks */,
				AE8765EF1A64487B0013529B /* Resources */,
			);
			buildRules = (
			);
			dependencies = (
				AE8765F31A64487B0013529B /* PBXTargetDependency */,
			);
			name = RSFVisualizerTests;
			productName = RSFVisualizerTests;
			productReference = AE8765F11A64487B0013529B /* RSFVisualizerTests.xctest */;
			productType = "com.apple.product-type.bundle.unit-test";
		};
/* End PBXNativeTarget section */

/* Begin PBXProject section */
		AE8765D01A64487A0013529B /* Project object */ = {
			isa = PBXProject;
			attributes = {
				LastUpgradeCheck = 0610;
				ORGANIZATIONNAME = "Erik Frisk";
				TargetAttributes = {
					AE8765D71A64487B0013529B = {
						CreatedOnToolsVersion = 6.1.1;
						DevelopmentTeam = 8M5U25686N;
					};
					AE8765F01A64487B0013529B = {
						CreatedOnToolsVersion = 6.1.1;
						TestTargetID = AE8765D71A64487B0013529B;
					};
				};
			};
			buildConfigurationList = AE8765D31A64487A0013529B /* Build configuration list for PBXProject "RSFVisualizer" */;
			compatibilityVersion = "Xcode 3.2";
			developmentRegion = English;
			hasScannedForEncodings = 0;
			knownRegions = (
				en,
				Base,
			);
			mainGroup = AE8765CF1A64487A0013529B;
			productRefGroup = AE8765D91A64487B0013529B /* Products */;
			projectDirPath = "";
			projectRoot = "";
			targets = (
				AE8765D71A64487B0013529B /* RSFVisualizer */,
				AE8765F01A64487B0013529B /* RSFVisualizerTests */,
			);
		};
/* End PBXProject section */

/* Begin PBXResourcesBuildPhase section */
		AE8765D61A64487B0013529B /* Resources */ = {
			isa = PBXResourcesBuildPhase;
			buildActionMask = 2147483647;
			files = (
				AE8765E71A64487B0013529B /* Main.storyboard in Resources */,
				AE0022291A65A954008B2B1B /* fleet1.txt in Resources */,
				AE8765EC1A64487B0013529B /* LaunchScreen.xib in Resources */,
				AE00223A1A65CD21008B2B1B /* fleet.txt in Resources */,
				AE00222A1A65A954008B2B1B /* fleet1.xml in Resources */,
				AE67E1601A6B23F000DC5FA9 /* rsf_200.txt in Resources */,
				AE8765E91A64487B0013529B /* Images.xcassets in Resources */,
				AE00223B1A65CD21008B2B1B /* fleet.xml in Resources */,
				AE67E1611A6B23F000DC5FA9 /* rsf_200.xml in Resources */,
			);
			runOnlyForDeploymentPostprocessing = 0;
		};
		AE8765EF1A64487B0013529B /* Resources */ = {
			isa = PBXResourcesBuildPhase;
			buildActionMask = 2147483647;
			files = (
			);
			runOnlyForDeploymentPostprocessing = 0;
		};
/* End PBXResourcesBuildPhase section */

/* Begin PBXSourcesBuildPhase section */
		AE8765D41A64487B0013529B /* Sources */ = {
			isa = PBXSourcesBuildPhase;
			buildActionMask = 2147483647;
			files = (
				AE0022371A65C4FA008B2B1B /* RSF.m in Sources */,
				AE00222E1A65B4C6008B2B1B /* RSFFileReader.m in Sources */,
				AE8765E41A64487B0013529B /* ViewController.m in Sources */,
				AE513BFF1A7055320086D7DE /* RSFTreeView.m in Sources */,
				AE0022311A65BBC8008B2B1B /* RSFNodeSpec.m in Sources */,
				AE05F6C61A7446FB00CF07BC /* TreeSelectorTableViewController.m in Sources */,
				AE8765E11A64487B0013529B /* AppDelegate.m in Sources */,
				AE8765DE1A64487B0013529B /* main.m in Sources */,
				AE0022341A65C0EA008B2B1B /* IDGenerator.m in Sources */,
				AE87660B1A6459C80013529B /* RSFNode.m in Sources */,
				AE9613E41A6856830067F4C0 /* RSFNode+additions.m in Sources */,
			);
			runOnlyForDeploymentPostprocessing = 0;
		};
		AE8765ED1A64487B0013529B /* Sources */ = {
			isa = PBXSourcesBuildPhase;
			buildActionMask = 2147483647;
			files = (
				AE8765F81A64487B0013529B /* RSFVisualizerTests.m in Sources */,
			);
			runOnlyForDeploymentPostprocessing = 0;
		};
/* End PBXSourcesBuildPhase section */

/* Begin PBXTargetDependency section */
		AE8765F31A64487B0013529B /* PBXTargetDependency */ = {
			isa = PBXTargetDependency;
			target = AE8765D71A64487B0013529B /* RSFVisualizer */;
			targetProxy = AE8765F21A64487B0013529B /* PBXContainerItemProxy */;
		};
/* End PBXTargetDependency section */

/* Begin PBXVariantGroup section */
		AE8765E51A64487B0013529B /* Main.storyboard */ = {
			isa = PBXVariantGroup;
			children = (
				AE8765E61A64487B0013529B /* Base */,
			);
			name = Main.storyboard;
			sourceTree = "<group>";
		};
		AE8765EA1A64487B0013529B /* LaunchScreen.xib */ = {
			isa = PBXVariantGroup;
			children = (
				AE8765EB1A64487B0013529B /* Base */,
			);
			name = LaunchScreen.xib;
			sourceTree = "<group>";
		};
/* End PBXVariantGroup section */

/* Begin XCBuildConfiguration section */
		AE8765F91A64487B0013529B /* Debug */ = {
			isa = XCBuildConfiguration;
			buildSettings = {
				ALWAYS_SEARCH_USER_PATHS = NO;
				CLANG_CXX_LANGUAGE_STANDARD = "gnu++0x";
				CLANG_CXX_LIBRARY = "libc++";
				CLANG_ENABLE_MODULES = YES;
				CLANG_ENABLE_OBJC_ARC = YES;
				CLANG_WARN_BOOL_CONVERSION = YES;
				CLANG_WARN_CONSTANT_CONVERSION = YES;
				CLANG_WARN_DIRECT_OBJC_ISA_USAGE = YES_ERROR;
				CLANG_WARN_EMPTY_BODY = YES;
				CLANG_WARN_ENUM_CONVERSION = YES;
				CLANG_WARN_INT_CONVERSION = YES;
				CLANG_WARN_OBJC_ROOT_CLASS = YES_ERROR;
				CLANG_WARN_UNREACHABLE_CODE = YES;
				CLANG_WARN__DUPLICATE_METHOD_MATCH = YES;
				"CODE_SIGN_IDENTITY[sdk=iphoneos*]" = "iPhone Developer";
				COPY_PHASE_STRIP = NO;
				ENABLE_STRICT_OBJC_MSGSEND = YES;
				GCC_C_LANGUAGE_STANDARD = gnu99;
				GCC_DYNAMIC_NO_PIC = NO;
				GCC_OPTIMIZATION_LEVEL = 0;
				GCC_PREPROCESSOR_DEFINITIONS = (
					"DEBUG=1",
					"$(inherited)",
				);
				GCC_SYMBOLS_PRIVATE_EXTERN = NO;
				GCC_WARN_64_TO_32_BIT_CONVERSION = YES;
				GCC_WARN_ABOUT_RETURN_TYPE = YES_ERROR;
				GCC_WARN_UNDECLARED_SELECTOR = YES;
				GCC_WARN_UNINITIALIZED_AUTOS = YES_AGGRESSIVE;
				GCC_WARN_UNUSED_FUNCTION = YES;
				GCC_WARN_UNUSED_VARIABLE = YES;
				IPHONEOS_DEPLOYMENT_TARGET = 8.1;
				MTL_ENABLE_DEBUG_INFO = YES;
				ONLY_ACTIVE_ARCH = YES;
				SDKROOT = iphoneos;
				TARGETED_DEVICE_FAMILY = 2;
			};
			name = Debug;
		};
		AE8765FA1A64487B0013529B /* Release */ = {
			isa = XCBuildConfiguration;
			buildSettings = {
				ALWAYS_SEARCH_USER_PATHS = NO;
				CLANG_CXX_LANGUAGE_STANDARD = "gnu++0x";
				CLANG_CXX_LIBRARY = "libc++";
				CLANG_ENABLE_MODULES = YES;
				CLANG_ENABLE_OBJC_ARC = YES;
				CLANG_WARN_BOOL_CONVERSION = YES;
				CLANG_WARN_CONSTANT_CONVERSION = YES;
				CLANG_WARN_DIRECT_OBJC_ISA_USAGE = YES_ERROR;
				CLANG_WARN_EMPTY_BODY = YES;
				CLANG_WARN_ENUM_CONVERSION = YES;
				CLANG_WARN_INT_CONVERSION = YES;
				CLANG_WARN_OBJC_ROOT_CLASS = YES_ERROR;
				CLANG_WARN_UNREACHABLE_CODE = YES;
				CLANG_WARN__DUPLICATE_METHOD_MATCH = YES;
				"CODE_SIGN_IDENTITY[sdk=iphoneos*]" = "iPhone Developer";
				COPY_PHASE_STRIP = YES;
				ENABLE_NS_ASSERTIONS = NO;
				ENABLE_STRICT_OBJC_MSGSEND = YES;
				GCC_C_LANGUAGE_STANDARD = gnu99;
				GCC_WARN_64_TO_32_BIT_CONVERSION = YES;
				GCC_WARN_ABOUT_RETURN_TYPE = YES_ERROR;
				GCC_WARN_UNDECLARED_SELECTOR = YES;
				GCC_WARN_UNINITIALIZED_AUTOS = YES_AGGRESSIVE;
				GCC_WARN_UNUSED_FUNCTION = YES;
				GCC_WARN_UNUSED_VARIABLE = YES;
				IPHONEOS_DEPLOYMENT_TARGET = 8.1;
				MTL_ENABLE_DEBUG_INFO = NO;
				SDKROOT = iphoneos;
				TARGETED_DEVICE_FAMILY = 2;
				VALIDATE_PRODUCT = YES;
			};
			name = Release;
		};
		AE8765FC1A64487B0013529B /* Debug */ = {
			isa = XCBuildConfiguration;
			buildSettings = {
				ASSETCATALOG_COMPILER_APPICON_NAME = AppIcon;
				CODE_SIGN_IDENTITY = "iPhone Developer";
				"CODE_SIGN_IDENTITY[sdk=iphoneos*]" = "iPhone Developer";
				INFOPLIST_FILE = RSFVisualizer/Info.plist;
				LD_RUNPATH_SEARCH_PATHS = "$(inherited) @executable_path/Frameworks";
				PRODUCT_NAME = "$(TARGET_NAME)";
				PROVISIONING_PROFILE = "";
			};
			name = Debug;
		};
		AE8765FD1A64487B0013529B /* Release */ = {
			isa = XCBuildConfiguration;
			buildSettings = {
				ASSETCATALOG_COMPILER_APPICON_NAME = AppIcon;
				CODE_SIGN_IDENTITY = "iPhone Developer";
				"CODE_SIGN_IDENTITY[sdk=iphoneos*]" = "iPhone Developer";
				INFOPLIST_FILE = RSFVisualizer/Info.plist;
				LD_RUNPATH_SEARCH_PATHS = "$(inherited) @executable_path/Frameworks";
				PRODUCT_NAME = "$(TARGET_NAME)";
				PROVISIONING_PROFILE = "";
			};
			name = Release;
		};
		AE8765FF1A64487B0013529B /* Debug */ = {
			isa = XCBuildConfiguration;
			buildSettings = {
				BUNDLE_LOADER = "$(TEST_HOST)";
				FRAMEWORK_SEARCH_PATHS = (
					"$(SDKROOT)/Developer/Library/Frameworks",
					"$(inherited)",
				);
				GCC_PREPROCESSOR_DEFINITIONS = (
					"DEBUG=1",
					"$(inherited)",
				);
				INFOPLIST_FILE = RSFVisualizerTests/Info.plist;
				LD_RUNPATH_SEARCH_PATHS = "$(inherited) @executable_path/Frameworks @loader_path/Frameworks";
				PRODUCT_NAME = "$(TARGET_NAME)";
				TEST_HOST = "$(BUILT_PRODUCTS_DIR)/RSFVisualizer.app/RSFVisualizer";
			};
			name = Debug;
		};
		AE8766001A64487B0013529B /* Release */ = {
			isa = XCBuildConfiguration;
			buildSettings = {
				BUNDLE_LOADER = "$(TEST_HOST)";
				FRAMEWORK_SEARCH_PATHS = (
					"$(SDKROOT)/Developer/Library/Frameworks",
					"$(inherited)",
				);
				INFOPLIST_FILE = RSFVisualizerTests/Info.plist;
				LD_RUNPATH_SEARCH_PATHS = "$(inherited) @executable_path/Frameworks @loader_path/Frameworks";
				PRODUCT_NAME = "$(TARGET_NAME)";
				TEST_HOST = "$(BUILT_PRODUCTS_DIR)/RSFVisualizer.app/RSFVisualizer";
			};
			name = Release;
		};
/* End XCBuildConfiguration section */

/* Begin XCConfigurationList section */
		AE8765D31A64487A0013529B /* Build configuration list for PBXProject "RSFVisualizer" */ = {
			isa = XCConfigurationList;
			buildConfigurations = (
				AE8765F91A64487B0013529B /* Debug */,
				AE8765FA1A64487B0013529B /* Release */,
			);
			defaultConfigurationIsVisible = 0;
			defaultConfigurationName = Release;
		};
		AE8765FB1A64487B0013529B /* Build configuration list for PBXNativeTarget "RSFVisualizer" */ = {
			isa = XCConfigurationList;
			buildConfigurations = (
				AE8765FC1A64487B0013529B /* Debug */,
				AE8765FD1A64487B0013529B /* Release */,
			);
			defaultConfigurationIsVisible = 0;
			defaultConfigurationName = Release;
		};
		AE8765FE1A64487B0013529B /* Build configuration list for PBXNativeTarget "RSFVisualizerTests" */ = {
			isa = XCConfigurationList;
			buildConfigurations = (
				AE8765FF1A64487B0013529B /* Debug */,
				AE8766001A64487B0013529B /* Release */,
			);
			defaultConfigurationIsVisible = 0;
			defaultConfigurationName = Release;
		};
/* End XCConfigurationList section */
	};
	rootObject = AE8765D01A64487A0013529B /* Project object */;
}
